{
  "name": "app",
  "version": "1.0.0",
  "lockfileVersion": 1,
  "requires": true,
  "dependencies": {
    "node-rtsp-stream": {
      "version": "0.0.8",
      "resolved": "https://registry.npmjs.org/node-rtsp-stream/-/node-rtsp-stream-0.0.8.tgz",
      "integrity": "sha512-AcXJ+i6cNRRub8MrDQE1NxviwdZlwc4kow4QJ5JgazrZrHbg9TEJAZupYubaubBHW/Zob9o7V4cex/89U/9q1g==",
      "requires": {
        "ws": "^7.0.0"
      }
    },
    "ws": {
      "version": "7.4.6",
      "resolved": "https://registry.npmjs.org/ws/-/ws-7.4.6.tgz",
      "integrity": "sha512-YmhHDO4MzaDLB+M9ym/mDA5z0naX8j7SIlT8f8z+I0VtzsRbekxEutHSme7NPS2qE8StCYQNUnfWdXta/Yu85A=="
    }
  }
}
